PODS:
  - AFNetworking (2.6.3):
    - AFNetworking/NSURLConnection (= 2.6.3)
    - AFNetworking/NSURLSession (= 2.6.3)
    - AFNetworking/Reachability (= 2.6.3)
    - AFNetworking/Security (= 2.6.3)
    - AFNetworking/Serialization (= 2.6.3)
    - AFNetworking/UIKit (= 2.6.3)
  - AFNetworking/NSURLConnection (2.6.3):
    - AFNetworking/Reachability
    - AFNetworking/Security
    - AFNetworking/Serialization
  - AFNetworking/NSURLSession (2.6.3):
    - AFNetworking/Reachability
    - AFNetworking/Security
    - AFNetworking/Serialization
  - AFNetworking/Reachability (2.6.3)
  - AFNetworking/Security (2.6.3)
  - AFNetworking/Serialization (2.6.3)
  - NXOAuth2Client (1.2.8)

DEPENDENCIES:
  - AFNetworking (~> 2.0)
  - NXOAuth2Client (~> 1.2.8)

SPEC CHECKSUMS:
  AFNetworking: cb8d14a848e831097108418f5d49217339d4eb60
  NXOAuth2Client: 98c4d4c594edd2b289cfc34a8928653e1dab7adf

PODFILE CHECKSUM: f7dac609fc9fcb1ae516daff458d1adc74a0b562

COCOAPODS: 1.0.0.beta.6
