// !$*UTF8*$!
{
	archiveVersion = 1;
	classes = {
	};
	objectVersion = 46;
	objects = {

/* Begin PBXBuildFile section */
		4D31656F1B2C833E0035EA44 /* BTOAuthLoginBase.m in Sources */ = {isa = PBXBuildFile; fileRef = 4D31656E1B2C833E0035EA44 /* BTOAuthLoginBase.m */; };
		4D3165711B2C83820035EA44 /* WebKit.framework in Frameworks */ = {isa = PBXBuildFile; fileRef = 4D3165701B2C83820035EA44 /* WebKit.framework */; };
		4D3165741B2C84090035EA44 /* NSString+BTOauthLogin.m in Sources */ = {isa = PBXBuildFile; fileRef = 4D3165731B2C84090035EA44 /* NSString+BTOauthLogin.m */; };
		4D3165771B2C8A410035EA44 /* BTDigitalOceanLogin.m in Sources */ = {isa = PBXBuildFile; fileRef = 4D3165761B2C8A410035EA44 /* BTDigitalOceanLogin.m */; };
		4DC520CF190E94CD00765BA2 /* Cocoa.framework in Frameworks */ = {isa = PBXBuildFile; fileRef = 4DC520CE190E94CD00765BA2 /* Cocoa.framework */; };
		4DC520D9190E94CD00765BA2 /* InfoPlist.strings in Resources */ = {isa = PBXBuildFile; fileRef = 4DC520D7190E94CD00765BA2 /* InfoPlist.strings */; };
		4DC520DB190E94CD00765BA2 /* main.m in Sources */ = {isa = PBXBuildFile; fileRef = 4DC520DA190E94CD00765BA2 /* main.m */; };
		4DC520DF190E94CD00765BA2 /* Credits.rtf in Resources */ = {isa = PBXBuildFile; fileRef = 4DC520DD190E94CD00765BA2 /* Credits.rtf */; };
		4DC520E2190E94CD00765BA2 /* BTAppDelegate.m in Sources */ = {isa = PBXBuildFile; fileRef = 4DC520E1190E94CD00765BA2 /* BTAppDelegate.m */; };
		4DC520E5190E94CD00765BA2 /* MainMenu.xib in Resources */ = {isa = PBXBuildFile; fileRef = 4DC520E3190E94CD00765BA2 /* MainMenu.xib */; };
		4DC520E7190E94CD00765BA2 /* Images.xcassets in Resources */ = {isa = PBXBuildFile; fileRef = 4DC520E6190E94CD00765BA2 /* Images.xcassets */; };
		4DC520EF190E94CD00765BA2 /* Cocoa.framework in Frameworks */ = {isa = PBXBuildFile; fileRef = 4DC520CE190E94CD00765BA2 /* Cocoa.framework */; };
		4DC520F7190E94CE00765BA2 /* InfoPlist.strings in Resources */ = {isa = PBXBuildFile; fileRef = 4DC520F5190E94CE00765BA2 /* InfoPlist.strings */; };
		4DC520F9190E94CE00765BA2 /* OceanBarTests.m in Sources */ = {isa = PBXBuildFile; fileRef = 4DC520F8190E94CE00765BA2 /* OceanBarTests.m */; };
		4DC52105190E95CD00765BA2 /* BTStatusbarController.m in Sources */ = {isa = PBXBuildFile; fileRef = 4DC52104190E95CD00765BA2 /* BTStatusbarController.m */; };
		4DC52108190E9A5200765BA2 /* BTOceanData.m in Sources */ = {isa = PBXBuildFile; fileRef = 4DC52107190E9A5200765BA2 /* BTOceanData.m */; };
		4DC8BE69190EDFFF00B250CD /* BTSocialTextView.m in Sources */ = {isa = PBXBuildFile; fileRef = 4DC8BE68190EDFFF00B250CD /* BTSocialTextView.m */; };
		A401856B37BC2CB8FDF3D4C7 /* libPods-OceanBar.a in Frameworks */ = {isa = PBXBuildFile; fileRef = C7ABED945C5C23B16275D199 /* libPods-OceanBar.a */; };
/* End PBXBuildFile section */

/* Begin PBXContainerItemProxy section */
		4DC520F0190E94CD00765BA2 /* PBXContainerItemProxy */ = {
			isa = PBXContainerItemProxy;
			containerPortal = 4DC520C3190E94CD00765BA2 /* Project object */;
			proxyType = 1;
			remoteGlobalIDString = 4DC520CA190E94CD00765BA2;
			remoteInfo = OceanBar;
		};
/* End PBXContainerItemProxy section */

/* Begin PBXFileReference section */
		4D31656D1B2C833E0035EA44 /* BTOAuthLoginBase.h */ = {isa = PBXFileReference; fileEncoding = 4; lastKnownFileType = sourcecode.c.h; path = BTOAuthLoginBase.h; sourceTree = "<group>"; };
		4D31656E1B2C833E0035EA44 /* BTOAuthLoginBase.m */ = {isa = PBXFileReference; fileEncoding = 4; lastKnownFileType = sourcecode.c.objc; path = BTOAuthLoginBase.m; sourceTree = "<group>"; };
		4D3165701B2C83820035EA44 /* WebKit.framework */ = {isa = PBXFileReference; lastKnownFileType = wrapper.framework; name = WebKit.framework; path = System/Library/Frameworks/WebKit.framework; sourceTree = SDKROOT; };
		4D3165721B2C84090035EA44 /* NSString+BTOauthLogin.h */ = {isa = PBXFileReference; fileEncoding = 4; lastKnownFileType = sourcecode.c.h; path = "NSString+BTOauthLogin.h"; sourceTree = "<group>"; };
		4D3165731B2C84090035EA44 /* NSString+BTOauthLogin.m */ = {isa = PBXFileReference; fileEncoding = 4; lastKnownFileType = sourcecode.c.objc; path = "NSString+BTOauthLogin.m"; sourceTree = "<group>"; };
		4D3165751B2C8A410035EA44 /* BTDigitalOceanLogin.h */ = {isa = PBXFileReference; fileEncoding = 4; lastKnownFileType = sourcecode.c.h; path = BTDigitalOceanLogin.h; sourceTree = "<group>"; };
		4D3165761B2C8A410035EA44 /* BTDigitalOceanLogin.m */ = {isa = PBXFileReference; fileEncoding = 4; lastKnownFileType = sourcecode.c.objc; path = BTDigitalOceanLogin.m; sourceTree = "<group>"; };
		4D3165781B2C8A990035EA44 /* kDigitalOceanClientKey.h */ = {isa = PBXFileReference; lastKnownFileType = sourcecode.c.h; path = kDigitalOceanClientKey.h; sourceTree = "<group>"; };
		4DAE5FE619115C8800A7C1E0 /* OceanBar.entitlements */ = {isa = PBXFileReference; lastKnownFileType = text.xml; path = OceanBar.entitlements; sourceTree = "<group>"; };
		4DC520CB190E94CD00765BA2 /* OceanBar.app */ = {isa = PBXFileReference; explicitFileType = wrapper.application; includeInIndex = 0; path = OceanBar.app; sourceTree = BUILT_PRODUCTS_DIR; };
		4DC520CE190E94CD00765BA2 /* Cocoa.framework */ = {isa = PBXFileReference; lastKnownFileType = wrapper.framework; name = Cocoa.framework; path = System/Library/Frameworks/Cocoa.framework; sourceTree = SDKROOT; };
		4DC520D1190E94CD00765BA2 /* AppKit.framework */ = {isa = PBXFileReference; lastKnownFileType = wrapper.framework; name = AppKit.framework; path = System/Library/Frameworks/AppKit.framework; sourceTree = SDKROOT; };
		4DC520D2190E94CD00765BA2 /* CoreData.framework */ = {isa = PBXFileReference; lastKnownFileType = wrapper.framework; name = CoreData.framework; path = System/Library/Frameworks/CoreData.framework; sourceTree = SDKROOT; };
		4DC520D3190E94CD00765BA2 /* Foundation.framework */ = {isa = PBXFileReference; lastKnownFileType = wrapper.framework; name = Foundation.framework; path = System/Library/Frameworks/Foundation.framework; sourceTree = SDKROOT; };
		4DC520D6190E94CD00765BA2 /* OceanBar-Info.plist */ = {isa = PBXFileReference; lastKnownFileType = text.plist.xml; path = "OceanBar-Info.plist"; sourceTree = "<group>"; };
		4DC520D8190E94CD00765BA2 /* en */ = {isa = PBXFileReference; lastKnownFileType = text.plist.strings; name = en; path = en.lproj/InfoPlist.strings; sourceTree = "<group>"; };
		4DC520DA190E94CD00765BA2 /* main.m */ = {isa = PBXFileReference; lastKnownFileType = sourcecode.c.objc; path = main.m; sourceTree = "<group>"; };
		4DC520DC190E94CD00765BA2 /* OceanBar-Prefix.pch */ = {isa = PBXFileReference; lastKnownFileType = sourcecode.c.h; path = "OceanBar-Prefix.pch"; sourceTree = "<group>"; };
		4DC520DE190E94CD00765BA2 /* en */ = {isa = PBXFileReference; lastKnownFileType = text.rtf; name = en; path = en.lproj/Credits.rtf; sourceTree = "<group>"; };
		4DC520E0190E94CD00765BA2 /* BTAppDelegate.h */ = {isa = PBXFileReference; lastKnownFileType = sourcecode.c.h; path = BTAppDelegate.h; sourceTree = "<group>"; };
		4DC520E1190E94CD00765BA2 /* BTAppDelegate.m */ = {isa = PBXFileReference; lastKnownFileType = sourcecode.c.objc; path = BTAppDelegate.m; sourceTree = "<group>"; };
		4DC520E4190E94CD00765BA2 /* Base */ = {isa = PBXFileReference; lastKnownFileType = file.xib; name = Base; path = Base.lproj/MainMenu.xib; sourceTree = "<group>"; };
		4DC520E6190E94CD00765BA2 /* Images.xcassets */ = {isa = PBXFileReference; lastKnownFileType = folder.assetcatalog; path = Images.xcassets; sourceTree = "<group>"; };
		4DC520EC190E94CD00765BA2 /* OceanBarTests.xctest */ = {isa = PBXFileReference; explicitFileType = wrapper.cfbundle; includeInIndex = 0; path = OceanBarTests.xctest; sourceTree = BUILT_PRODUCTS_DIR; };
		4DC520F4190E94CD00765BA2 /* OceanBarTests-Info.plist */ = {isa = PBXFileReference; lastKnownFileType = text.plist.xml; path = "OceanBarTests-Info.plist"; sourceTree = "<group>"; };
		4DC520F6190E94CE00765BA2 /* en */ = {isa = PBXFileReference; lastKnownFileType = text.plist.strings; name = en; path = en.lproj/InfoPlist.strings; sourceTree = "<group>"; };
		4DC520F8190E94CE00765BA2 /* OceanBarTests.m */ = {isa = PBXFileReference; lastKnownFileType = sourcecode.c.objc; path = OceanBarTests.m; sourceTree = "<group>"; };
		4DC52103190E95CD00765BA2 /* BTStatusbarController.h */ = {isa = PBXFileReference; fileEncoding = 4; lastKnownFileType = sourcecode.c.h; path = BTStatusbarController.h; sourceTree = "<group>"; };
		4DC52104190E95CD00765BA2 /* BTStatusbarController.m */ = {isa = PBXFileReference; fileEncoding = 4; lastKnownFileType = sourcecode.c.objc; path = BTStatusbarController.m; sourceTree = "<group>"; };
		4DC52106190E9A5200765BA2 /* BTOceanData.h */ = {isa = PBXFileReference; fileEncoding = 4; lastKnownFileType = sourcecode.c.h; path = BTOceanData.h; sourceTree = "<group>"; };
		4DC52107190E9A5200765BA2 /* BTOceanData.m */ = {isa = PBXFileReference; fileEncoding = 4; lastKnownFileType = sourcecode.c.objc; path = BTOceanData.m; sourceTree = "<group>"; };
		4DC5210B190E9D9500765BA2 /* SystemConfiguration.framework */ = {isa = PBXFileReference; lastKnownFileType = wrapper.framework; name = SystemConfiguration.framework; path = System/Library/Frameworks/SystemConfiguration.framework; sourceTree = SDKROOT; };
		4DC5210D190E9DE300765BA2 /* Security.framework */ = {isa = PBXFileReference; lastKnownFileType = wrapper.framework; name = Security.framework; path = System/Library/Frameworks/Security.framework; sourceTree = SDKROOT; };
		4DC8BE67190EDFFF00B250CD /* BTSocialTextView.h */ = {isa = PBXFileReference; fileEncoding = 4; lastKnownFileType = sourcecode.c.h; path = BTSocialTextView.h; sourceTree = "<group>"; };
		4DC8BE68190EDFFF00B250CD /* BTSocialTextView.m */ = {isa = PBXFileReference; fileEncoding = 4; lastKnownFileType = sourcecode.c.objc; path = BTSocialTextView.m; sourceTree = "<group>"; };
		B4BC6A1D51E9087127B4B820 /* Pods-OceanBar.debug.xcconfig */ = {isa = PBXFileReference; includeInIndex = 1; lastKnownFileType = text.xcconfig; name = "Pods-OceanBar.debug.xcconfig"; path = "Pods/Target Support Files/Pods-OceanBar/Pods-OceanBar.debug.xcconfig"; sourceTree = "<group>"; };
		C7ABED945C5C23B16275D199 /* libPods-OceanBar.a */ = {isa = PBXFileReference; explicitFileType = archive.ar; includeInIndex = 0; path = "libPods-OceanBar.a"; sourceTree = BUILT_PRODUCTS_DIR; };
		F8D6E753B496D428D360374E /* Pods-OceanBar.release.xcconfig */ = {isa = PBXFileReference; includeInIndex = 1; lastKnownFileType = text.xcconfig; name = "Pods-OceanBar.release.xcconfig"; path = "Pods/Target Support Files/Pods-OceanBar/Pods-OceanBar.release.xcconfig"; sourceTree = "<group>"; };
/* End PBXFileReference section */

/* Begin PBXFrameworksBuildPhase section */
		4DC520C8190E94CD00765BA2 /* Frameworks */ = {
			isa = PBXFrameworksBuildPhase;
			buildActionMask = 2147483647;
			files = (
				4D3165711B2C83820035EA44 /* WebKit.framework in Frameworks */,
				4DC520CF190E94CD00765BA2 /* Cocoa.framework in Frameworks */,
				A401856B37BC2CB8FDF3D4C7 /* libPods-OceanBar.a in Frameworks */,
			);
			runOnlyForDeploymentPostprocessing = 0;
		};
		4DC520E9190E94CD00765BA2 /* Frameworks */ = {
			isa = PBXFrameworksBuildPhase;
			buildActionMask = 2147483647;
			files = (
				4DC520EF190E94CD00765BA2 /* Cocoa.framework in Frameworks */,
			);
			runOnlyForDeploymentPostprocessing = 0;
		};
/* End PBXFrameworksBuildPhase section */

/* Begin PBXGroup section */
		4DC520C2190E94CD00765BA2 = {
			isa = PBXGroup;
			children = (
				4DC520D4190E94CD00765BA2 /* OceanBar */,
				4DC520F2190E94CD00765BA2 /* OceanBarTests */,
				4DC520CD190E94CD00765BA2 /* Frameworks */,
				4DC520CC190E94CD00765BA2 /* Products */,
				E02650916B3EEF9224DE8C56 /* Pods */,
			);
			sourceTree = "<group>";
		};
		4DC520CC190E94CD00765BA2 /* Products */ = {
			isa = PBXGroup;
			children = (
				4DC520CB190E94CD00765BA2 /* OceanBar.app */,
				4DC520EC190E94CD00765BA2 /* OceanBarTests.xctest */,
			);
			name = Products;
			sourceTree = "<group>";
		};
		4DC520CD190E94CD00765BA2 /* Frameworks */ = {
			isa = PBXGroup;
			children = (
				4D3165701B2C83820035EA44 /* WebKit.framework */,
				4DC5210D190E9DE300765BA2 /* Security.framework */,
				4DC5210B190E9D9500765BA2 /* SystemConfiguration.framework */,
				4DC520CE190E94CD00765BA2 /* Cocoa.framework */,
				4DC520D0190E94CD00765BA2 /* Other Frameworks */,
				C7ABED945C5C23B16275D199 /* libPods-OceanBar.a */,
			);
			name = Frameworks;
			sourceTree = "<group>";
		};
		4DC520D0190E94CD00765BA2 /* Other Frameworks */ = {
			isa = PBXGroup;
			children = (
				4DC520D1190E94CD00765BA2 /* AppKit.framework */,
				4DC520D2190E94CD00765BA2 /* CoreData.framework */,
				4DC520D3190E94CD00765BA2 /* Foundation.framework */,
			);
			name = "Other Frameworks";
			sourceTree = "<group>";
		};
		4DC520D4190E94CD00765BA2 /* OceanBar */ = {
			isa = PBXGroup;
			children = (
				4DAE5FE619115C8800A7C1E0 /* OceanBar.entitlements */,
				4DC520E0190E94CD00765BA2 /* BTAppDelegate.h */,
				4DC520E1190E94CD00765BA2 /* BTAppDelegate.m */,
				4DC520E3190E94CD00765BA2 /* MainMenu.xib */,
				4DC520E6190E94CD00765BA2 /* Images.xcassets */,
				4DC520D5190E94CD00765BA2 /* Supporting Files */,
				4DC52103190E95CD00765BA2 /* BTStatusbarController.h */,
				4DC52104190E95CD00765BA2 /* BTStatusbarController.m */,
				4DC52106190E9A5200765BA2 /* BTOceanData.h */,
				4DC52107190E9A5200765BA2 /* BTOceanData.m */,
				4DC8BE67190EDFFF00B250CD /* BTSocialTextView.h */,
				4DC8BE68190EDFFF00B250CD /* BTSocialTextView.m */,
				4D31656D1B2C833E0035EA44 /* BTOAuthLoginBase.h */,
				4D31656E1B2C833E0035EA44 /* BTOAuthLoginBase.m */,
				4D3165721B2C84090035EA44 /* NSString+BTOauthLogin.h */,
				4D3165731B2C84090035EA44 /* NSString+BTOauthLogin.m */,
				4D3165751B2C8A410035EA44 /* BTDigitalOceanLogin.h */,
				4D3165761B2C8A410035EA44 /* BTDigitalOceanLogin.m */,
				4D3165781B2C8A990035EA44 /* kDigitalOceanClientKey.h */,
			);
			path = OceanBar;
			sourceTree = "<group>";
		};
		4DC520D5190E94CD00765BA2 /* Supporting Files */ = {
			isa = PBXGroup;
			children = (
				4DC520D6190E94CD00765BA2 /* OceanBar-Info.plist */,
				4DC520D7190E94CD00765BA2 /* InfoPlist.strings */,
				4DC520DA190E94CD00765BA2 /* main.m */,
				4DC520DC190E94CD00765BA2 /* OceanBar-Prefix.pch */,
				4DC520DD190E94CD00765BA2 /* Credits.rtf */,
			);
			name = "Supporting Files";
			sourceTree = "<group>";
		};
		4DC520F2190E94CD00765BA2 /* OceanBarTests */ = {
			isa = PBXGroup;
			children = (
				4DC520F8190E94CE00765BA2 /* OceanBarTests.m */,
				4DC520F3190E94CD00765BA2 /* Supporting Files */,
			);
			path = OceanBarTests;
			sourceTree = "<group>";
		};
		4DC520F3190E94CD00765BA2 /* Supporting Files */ = {
			isa = PBXGroup;
			children = (
				4DC520F4190E94CD00765BA2 /* OceanBarTests-Info.plist */,
				4DC520F5190E94CE00765BA2 /* InfoPlist.strings */,
			);
			name = "Supporting Files";
			sourceTree = "<group>";
		};
		E02650916B3EEF9224DE8C56 /* Pods */ = {
			isa = PBXGroup;
			children = (
				B4BC6A1D51E9087127B4B820 /* Pods-OceanBar.debug.xcconfig */,
				F8D6E753B496D428D360374E /* Pods-OceanBar.release.xcconfig */,
			);
			name = Pods;
			sourceTree = "<group>";
		};
/* End PBXGroup section */

/* Begin PBXNativeTarget section */
		4DC520CA190E94CD00765BA2 /* OceanBar */ = {
			isa = PBXNativeTarget;
			buildConfigurationList = 4DC520FC190E94CE00765BA2 /* Build configuration list for PBXNativeTarget "OceanBar" */;
			buildPhases = (
				50C2AA3F55569C2CE0B4BFF1 /* 📦 Check Pods Manifest.lock */,
				4DC520C7190E94CD00765BA2 /* Sources */,
				4DC520C8190E94CD00765BA2 /* Frameworks */,
				4DC520C9190E94CD00765BA2 /* Resources */,
				5BABF2ED47F2277A82D2833D /* 📦 Embed Pods Frameworks */,
				9954A0C291E16D5B236A323A /* 📦 Copy Pods Resources */,
			);
			buildRules = (
			);
			dependencies = (
			);
			name = OceanBar;
			productName = OceanBar;
			productReference = 4DC520CB190E94CD00765BA2 /* OceanBar.app */;
			productType = "com.apple.product-type.application";
		};
		4DC520EB190E94CD00765BA2 /* OceanBarTests */ = {
			isa = PBXNativeTarget;
			buildConfigurationList = 4DC520FF190E94CE00765BA2 /* Build configuration list for PBXNativeTarget "OceanBarTests" */;
			buildPhases = (
				4DC520E8190E94CD00765BA2 /* Sources */,
				4DC520E9190E94CD00765BA2 /* Frameworks */,
				4DC520EA190E94CD00765BA2 /* Resources */,
			);
			buildRules = (
			);
			dependencies = (
				4DC520F1190E94CD00765BA2 /* PBXTargetDependency */,
			);
			name = OceanBarTests;
			productName = OceanBarTests;
			productReference = 4DC520EC190E94CD00765BA2 /* OceanBarTests.xctest */;
			productType = "com.apple.product-type.bundle.unit-test";
		};
/* End PBXNativeTarget section */

/* Begin PBXProject section */
		4DC520C3190E94CD00765BA2 /* Project object */ = {
			isa = PBXProject;
			attributes = {
				CLASSPREFIX = BT;
				LastUpgradeCheck = 0630;
				ORGANIZATIONNAME = "Benedikt Terhechte";
				TargetAttributes = {
					4DC520CA190E94CD00765BA2 = {
						DevelopmentTeam = 76VT9VZ6GK;
						SystemCapabilities = {
							com.apple.Sandbox = {
								enabled = 1;
							};
						};
					};
					4DC520EB190E94CD00765BA2 = {
						TestTargetID = 4DC520CA190E94CD00765BA2;
					};
				};
			};
			buildConfigurationList = 4DC520C6190E94CD00765BA2 /* Build configuration list for PBXProject "OceanBar" */;
			compatibilityVersion = "Xcode 3.2";
			developmentRegion = English;
			hasScannedForEncodings = 0;
			knownRegions = (
				en,
				Base,
			);
			mainGroup = 4DC520C2190E94CD00765BA2;
			productRefGroup = 4DC520CC190E94CD00765BA2 /* Products */;
			projectDirPath = "";
			projectRoot = "";
			targets = (
				4DC520CA190E94CD00765BA2 /* OceanBar */,
				4DC520EB190E94CD00765BA2 /* OceanBarTests */,
			);
		};
/* End PBXProject section */

/* Begin PBXResourcesBuildPhase section */
		4DC520C9190E94CD00765BA2 /* Resources */ = {
			isa = PBXResourcesBuildPhase;
			buildActionMask = 2147483647;
			files = (
				4DC520D9190E94CD00765BA2 /* InfoPlist.strings in Resources */,
				4DC520E7190E94CD00765BA2 /* Images.xcassets in Resources */,
				4DC520DF190E94CD00765BA2 /* Credits.rtf in Resources */,
				4DC520E5190E94CD00765BA2 /* MainMenu.xib in Resources */,
			);
			runOnlyForDeploymentPostprocessing = 0;
		};
		4DC520EA190E94CD00765BA2 /* Resources */ = {
			isa = PBXResourcesBuildPhase;
			buildActionMask = 2147483647;
			files = (
				4DC520F7190E94CE00765BA2 /* InfoPlist.strings in Resources */,
			);
			runOnlyForDeploymentPostprocessing = 0;
		};
/* End PBXResourcesBuildPhase section */

/* Begin PBXShellScriptBuildPhase section */
		50C2AA3F55569C2CE0B4BFF1 /* 📦 Check Pods Manifest.lock */ = {
			isa = PBXShellScriptBuildPhase;
			buildActionMask = 2147483647;
			files = (
			);
			inputPaths = (
			);
			name = "📦 Check Pods Manifest.lock";
			outputPaths = (
			);
			runOnlyForDeploymentPostprocessing = 0;
			shellPath = /bin/sh;
			shellScript = "diff \"${PODS_ROOT}/../Podfile.lock\" \"${PODS_ROOT}/Manifest.lock\" > /dev/null\nif [[ $? != 0 ]] ; then\n    cat << EOM\nerror: The sandbox is not in sync with the Podfile.lock. Run 'pod install' or update your CocoaPods installation.\nEOM\n    exit 1\nfi\n";
			showEnvVarsInLog = 0;
		};
		5BABF2ED47F2277A82D2833D /* 📦 Embed Pods Frameworks */ = {
			isa = PBXShellScriptBuildPhase;
			buildActionMask = 2147483647;
			files = (
			);
			inputPaths = (
			);
			name = "📦 Embed Pods Frameworks";
			outputPaths = (
			);
			runOnlyForDeploymentPostprocessing = 0;
			shellPath = /bin/sh;
			shellScript = "\"${SRCROOT}/Pods/Target Support Files/Pods-OceanBar/Pods-OceanBar-frameworks.sh\"\n";
			showEnvVarsInLog = 0;
		};
		9954A0C291E16D5B236A323A /* 📦 Copy Pods Resources */ = {
			isa = PBXShellScriptBuildPhase;
			buildActionMask = 2147483647;
			files = (
			);
			inputPaths = (
			);
			name = "📦 Copy Pods Resources";
			outputPaths = (
			);
			runOnlyForDeploymentPostprocessing = 0;
			shellPath = /bin/sh;
			shellScript = "\"${SRCROOT}/Pods/Target Support Files/Pods-OceanBar/Pods-OceanBar-resources.sh\"\n";
			showEnvVarsInLog = 0;
		};
/* End PBXShellScriptBuildPhase section */

/* Begin PBXSourcesBuildPhase section */
		4DC520C7190E94CD00765BA2 /* Sources */ = {
			isa = PBXSourcesBuildPhase;
			buildActionMask = 2147483647;
			files = (
				4DC520E2190E94CD00765BA2 /* BTAppDelegate.m in Sources */,
				4DC520DB190E94CD00765BA2 /* main.m in Sources */,
				4DC8BE69190EDFFF00B250CD /* BTSocialTextView.m in Sources */,
				4D3165771B2C8A410035EA44 /* BTDigitalOceanLogin.m in Sources */,
				4DC52108190E9A5200765BA2 /* BTOceanData.m in Sources */,
				4D31656F1B2C833E0035EA44 /* BTOAuthLoginBase.m in Sources */,
				4DC52105190E95CD00765BA2 /* BTStatusbarController.m in Sources */,
				4D3165741B2C84090035EA44 /* NSString+BTOauthLogin.m in Sources */,
			);
			runOnlyForDeploymentPostprocessing = 0;
		};
		4DC520E8190E94CD00765BA2 /* Sources */ = {
			isa = PBXSourcesBuildPhase;
			buildActionMask = 2147483647;
			files = (
				4DC520F9190E94CE00765BA2 /* OceanBarTests.m in Sources */,
			);
			runOnlyForDeploymentPostprocessing = 0;
		};
/* End PBXSourcesBuildPhase section */

/* Begin PBXTargetDependency section */
		4DC520F1190E94CD00765BA2 /* PBXTargetDependency */ = {
			isa = PBXTargetDependency;
			target = 4DC520CA190E94CD00765BA2 /* OceanBar */;
			targetProxy = 4DC520F0190E94CD00765BA2 /* PBXContainerItemProxy */;
		};
/* End PBXTargetDependency section */

/* Begin PBXVariantGroup section */
		4DC520D7190E94CD00765BA2 /* InfoPlist.strings */ = {
			isa = PBXVariantGroup;
			children = (
				4DC520D8190E94CD00765BA2 /* en */,
			);
			name = InfoPlist.strings;
			sourceTree = "<group>";
		};
		4DC520DD190E94CD00765BA2 /* Credits.rtf */ = {
			isa = PBXVariantGroup;
			children = (
				4DC520DE190E94CD00765BA2 /* en */,
			);
			name = Credits.rtf;
			sourceTree = "<group>";
		};
		4DC520E3190E94CD00765BA2 /* MainMenu.xib */ = {
			isa = PBXVariantGroup;
			children = (
				4DC520E4190E94CD00765BA2 /* Base */,
			);
			name = MainMenu.xib;
			sourceTree = "<group>";
		};
		4DC520F5190E94CE00765BA2 /* InfoPlist.strings */ = {
			isa = PBXVariantGroup;
			children = (
				4DC520F6190E94CE00765BA2 /* en */,
			);
			name = InfoPlist.strings;
			sourceTree = "<group>";
		};
/* End PBXVariantGroup section */

/* Begin XCBuildConfiguration section */
		4DC520FA190E94CE00765BA2 /* Debug */ = {
			isa = XCBuildConfiguration;
			buildSettings = {
				ALWAYS_SEARCH_USER_PATHS = NO;
				CLANG_CXX_LANGUAGE_STANDARD = "gnu++0x";
				CLANG_CXX_LIBRARY = "libc++";
				CLANG_ENABLE_MODULES = YES;
				CLANG_ENABLE_OBJC_ARC = YES;
				CLANG_WARN_BOOL_CONVERSION = YES;
				CLANG_WARN_CONSTANT_CONVERSION = YES;
				CLANG_WARN_DIRECT_OBJC_ISA_USAGE = YES_ERROR;
				CLANG_WARN_EMPTY_BODY = YES;
				CLANG_WARN_ENUM_CONVERSION = YES;
				CLANG_WARN_INT_CONVERSION = YES;
				CLANG_WARN_OBJC_ROOT_CLASS = YES_ERROR;
				CLANG_WARN__DUPLICATE_METHOD_MATCH = YES;
				COPY_PHASE_STRIP = NO;
				GCC_C_LANGUAGE_STANDARD = gnu99;
				GCC_DYNAMIC_NO_PIC = NO;
				GCC_ENABLE_OBJC_EXCEPTIONS = YES;
				GCC_OPTIMIZATION_LEVEL = 0;
				GCC_PREPROCESSOR_DEFINITIONS = (
					"DEBUG=1",
					"$(inherited)",
				);
				GCC_SYMBOLS_PRIVATE_EXTERN = NO;
				GCC_WARN_64_TO_32_BIT_CONVERSION = YES;
				GCC_WARN_ABOUT_RETURN_TYPE = YES_ERROR;
				GCC_WARN_UNDECLARED_SELECTOR = YES;
				GCC_WARN_UNINITIALIZED_AUTOS = YES_AGGRESSIVE;
				GCC_WARN_UNUSED_FUNCTION = YES;
				GCC_WARN_UNUSED_VARIABLE = YES;
				MACOSX_DEPLOYMENT_TARGET = 10.9;
				ONLY_ACTIVE_ARCH = YES;
				SDKROOT = macosx;
			};
			name = Debug;
		};
		4DC520FB190E94CE00765BA2 /* Release */ = {
			isa = XCBuildConfiguration;
			buildSettings = {
				ALWAYS_SEARCH_USER_PATHS = NO;
				CLANG_CXX_LANGUAGE_STANDARD = "gnu++0x";
				CLANG_CXX_LIBRARY = "libc++";
				CLANG_ENABLE_MODULES = YES;
				CLANG_ENABLE_OBJC_ARC = YES;
				CLANG_WARN_BOOL_CONVERSION = YES;
				CLANG_WARN_CONSTANT_CONVERSION = YES;
				CLANG_WARN_DIRECT_OBJC_ISA_USAGE = YES_ERROR;
				CLANG_WARN_EMPTY_BODY = YES;
				CLANG_WARN_ENUM_CONVERSION = YES;
				CLANG_WARN_INT_CONVERSION = YES;
				CLANG_WARN_OBJC_ROOT_CLASS = YES_ERROR;
				CLANG_WARN__DUPLICATE_METHOD_MATCH = YES;
				COPY_PHASE_STRIP = YES;
				DEBUG_INFORMATION_FORMAT = "dwarf-with-dsym";
				ENABLE_NS_ASSERTIONS = NO;
				GCC_C_LANGUAGE_STANDARD = gnu99;
				GCC_ENABLE_OBJC_EXCEPTIONS = YES;
				GCC_WARN_64_TO_32_BIT_CONVERSION = YES;
				GCC_WARN_ABOUT_RETURN_TYPE = YES_ERROR;
				GCC_WARN_UNDECLARED_SELECTOR = YES;
				GCC_WARN_UNINITIALIZED_AUTOS = YES_AGGRESSIVE;
				GCC_WARN_UNUSED_FUNCTION = YES;
				GCC_WARN_UNUSED_VARIABLE = YES;
				MACOSX_DEPLOYMENT_TARGET = 10.9;
				SDKROOT = macosx;
			};
			name = Release;
		};
		4DC520FD190E94CE00765BA2 /* Debug */ = {
			isa = XCBuildConfiguration;
			baseConfigurationReference = B4BC6A1D51E9087127B4B820 /* Pods-OceanBar.debug.xcconfig */;
			buildSettings = {
				ASSETCATALOG_COMPILER_APPICON_NAME = AppIcon;
				CODE_SIGN_ENTITLEMENTS = OceanBar/OceanBar.entitlements;
				CODE_SIGN_IDENTITY = "Developer ID Application";
				COMBINE_HIDPI_IMAGES = YES;
				GCC_PRECOMPILE_PREFIX_HEADER = YES;
				GCC_PREFIX_HEADER = "OceanBar/OceanBar-Prefix.pch";
				INFOPLIST_FILE = "OceanBar/OceanBar-Info.plist";
				MACOSX_DEPLOYMENT_TARGET = 10.9;
				PRODUCT_NAME = "$(TARGET_NAME)";
				PROVISIONING_PROFILE = "";
				SDKROOT = macosx;
				WRAPPER_EXTENSION = app;
			};
			name = Debug;
		};
		4DC520FE190E94CE00765BA2 /* Release */ = {
			isa = XCBuildConfiguration;
			baseConfigurationReference = F8D6E753B496D428D360374E /* Pods-OceanBar.release.xcconfig */;
			buildSettings = {
				ASSETCATALOG_COMPILER_APPICON_NAME = AppIcon;
				CODE_SIGN_ENTITLEMENTS = OceanBar/OceanBar.entitlements;
				CODE_SIGN_IDENTITY = "Developer ID Application";
				COMBINE_HIDPI_IMAGES = YES;
				GCC_PRECOMPILE_PREFIX_HEADER = YES;
				GCC_PREFIX_HEADER = "OceanBar/OceanBar-Prefix.pch";
				INFOPLIST_FILE = "OceanBar/OceanBar-Info.plist";
				MACOSX_DEPLOYMENT_TARGET = 10.9;
				PRODUCT_NAME = "$(TARGET_NAME)";
				SDKROOT = macosx;
				WRAPPER_EXTENSION = app;
			};
			name = Release;
		};
		4DC52100190E94CE00765BA2 /* Debug */ = {
			isa = XCBuildConfiguration;
			buildSettings = {
				BUNDLE_LOADER = "$(BUILT_PRODUCTS_DIR)/OceanBar.app/Contents/MacOS/OceanBar";
				COMBINE_HIDPI_IMAGES = YES;
				FRAMEWORK_SEARCH_PATHS = (
					"$(DEVELOPER_FRAMEWORKS_DIR)",
					"$(inherited)",
				);
				GCC_PRECOMPILE_PREFIX_HEADER = YES;
				GCC_PREFIX_HEADER = "OceanBar/OceanBar-Prefix.pch";
				GCC_PREPROCESSOR_DEFINITIONS = (
					"DEBUG=1",
					"$(inherited)",
				);
				INFOPLIST_FILE = "OceanBarTests/OceanBarTests-Info.plist";
				PRODUCT_NAME = "$(TARGET_NAME)";
				TEST_HOST = "$(BUNDLE_LOADER)";
				WRAPPER_EXTENSION = xctest;
			};
			name = Debug;
		};
		4DC52101190E94CE00765BA2 /* Release */ = {
			isa = XCBuildConfiguration;
			buildSettings = {
				BUNDLE_LOADER = "$(BUILT_PRODUCTS_DIR)/OceanBar.app/Contents/MacOS/OceanBar";
				COMBINE_HIDPI_IMAGES = YES;
				FRAMEWORK_SEARCH_PATHS = (
					"$(DEVELOPER_FRAMEWORKS_DIR)",
					"$(inherited)",
				);
				GCC_PRECOMPILE_PREFIX_HEADER = YES;
				GCC_PREFIX_HEADER = "OceanBar/OceanBar-Prefix.pch";
				INFOPLIST_FILE = "OceanBarTests/OceanBarTests-Info.plist";
				PRODUCT_NAME = "$(TARGET_NAME)";
				TEST_HOST = "$(BUNDLE_LOADER)";
				WRAPPER_EXTENSION = xctest;
			};
			name = Release;
		};
/* End XCBuildConfiguration section */

/* Begin XCConfigurationList section */
		4DC520C6190E94CD00765BA2 /* Build configuration list for PBXProject "OceanBar" */ = {
			isa = XCConfigurationList;
			buildConfigurations = (
				4DC520FA190E94CE00765BA2 /* Debug */,
				4DC520FB190E94CE00765BA2 /* Release */,
			);
			defaultConfigurationIsVisible = 0;
			defaultConfigurationName = Release;
		};
		4DC520FC190E94CE00765BA2 /* Build configuration list for PBXNativeTarget "OceanBar" */ = {
			isa = XCConfigurationList;
			buildConfigurations = (
				4DC520FD190E94CE00765BA2 /* Debug */,
				4DC520FE190E94CE00765BA2 /* Release */,
			);
			defaultConfigurationIsVisible = 0;
			defaultConfigurationName = Release;
		};
		4DC520FF190E94CE00765BA2 /* Build configuration list for PBXNativeTarget "OceanBarTests" */ = {
			isa = XCConfigurationList;
			buildConfigurations = (
				4DC52100190E94CE00765BA2 /* Debug */,
				4DC52101190E94CE00765BA2 /* Release */,
			);
			defaultConfigurationIsVisible = 0;
			defaultConfigurationName = Release;
		};
/* End XCConfigurationList section */
	};
	rootObject = 4DC520C3190E94CD00765BA2 /* Project object */;
}
